
Microsoft Visual Studio Solution File, Format Version 12.00
# Visual Studio Version 16
VisualStudioVersion = 16.0.31829.152
MinimumVisualStudioVersion = 10.0.40219.1
Project("{FAE04EC0-301F-11D3-BF4B-00C04F79EFBC}") = "PaymentApi", "PaymentApi.csproj", "{FC9DA1B1-1F77-4E8F-9451-08DD786C21DC}"
EndProject
Global
	GlobalSection(SolutionConfigurationPlatforms) = preSolution
		Debug|Any CPU = Debug|Any CPU
		Release|Any CPU = Release|Any CPU
	EndGlobalSection
	GlobalSection(ProjectConfigurationPlatforms) = postSolution
		{FC9DA1B1-1F77-4E8F-9451-08DD786C21DC}.Debug|Any CPU.ActiveCfg = Debug|Any CPU
		{FC9DA1B1-1F77-4E8F-9451-08DD786C21DC}.Debug|Any CPU.Build.0 = Debug|Any CPU
		{FC9DA1B1-1F77-4E8F-9451-08DD786C21DC}.Release|Any CPU.ActiveCfg = Release|Any CPU
		{FC9DA1B1-1F77-4E8F-9451-08DD786C21DC}.Release|Any CPU.Build.0 = Release|Any CPU
	EndGlobalSection
	GlobalSection(SolutionProperties) = preSolution
		HideSolutionNode = FALSE
	EndGlobalSection
	GlobalSection(ExtensibilityGlobals) = postSolution
		SolutionGuid = {6250BF93-12B5-4B41-BDD5-E780AA56E49F}
	EndGlobalSection
EndGlobal
